// !$*UTF8*$!
{
	archiveVersion = 1;
	classes = {
	};
	objectVersion = 77;
	objects = {

/* Begin PBXBuildFile section */
		C17BA6A02D04F3CA00A10B4A /* Alamofire in Frameworks */ = {isa = PBXBuildFile; productRef = C17BA69F2D04F3CA00A10B4A /* Alamofire */; };
		C17BA6A32D04F3DF00A10B4A /* SwiftyJSON in Frameworks */ = {isa = PBXBuildFile; productRef = C17BA6A22D04F3DF00A10B4A /* SwiftyJSON */; };
		C1CF618A2D06741100A9D9CE /* MarkdownUI in Frameworks */ = {isa = PBXBuildFile; productRef = C1CF61892D06741100A9D9CE /* MarkdownUI */; };
/* End PBXBuildFile section */

/* Begin PBXContainerItemProxy section */
		C17BA6822D04F2E000A10B4A /* PBXContainerItemProxy */ = {
			isa = PBXContainerItemProxy;
			containerPortal = C17BA6642D04F2C200A10B4A /* Project object */;
			proxyType = 1;
			remoteGlobalIDString = C17BA66B2D04F2C200A10B4A;
			remoteInfo = HealthCheckerr;
		};
		C17BA68C2D04F2E000A10B4A /* PBXContainerItemProxy */ = {
			isa = PBXContainerItemProxy;
			containerPortal = C17BA6642D04F2C200A10B4A /* Project object */;
			proxyType = 1;
			remoteGlobalIDString = C17BA66B2D04F2C200A10B4A;
			remoteInfo = HealthCheckerr;
		};
/* End PBXContainerItemProxy section */

/* Begin PBXCopyFilesBuildPhase section */
		C1CF617A2D06555B00A9D9CE /* Embed Foundation Extensions */ = {
			isa = PBXCopyFilesBuildPhase;
			buildActionMask = 2147483647;
			dstPath = "";
			dstSubfolderSpec = 13;
			files = (
			);
			name = "Embed Foundation Extensions";
			runOnlyForDeploymentPostprocessing = 0;
		};
/* End PBXCopyFilesBuildPhase section */

/* Begin PBXFileReference section */
		C17BA66C2D04F2C200A10B4A /* HealthCheckerr.app */ = {isa = PBXFileReference; explicitFileType = wrapper.application; includeInIndex = 0; path = HealthCheckerr.app; sourceTree = BUILT_PRODUCTS_DIR; };
		C17BA6812D04F2E000A10B4A /* HealthCheckerrTests.xctest */ = {isa = PBXFileReference; explicitFileType = wrapper.cfbundle; includeInIndex = 0; path = HealthCheckerrTests.xctest; sourceTree = BUILT_PRODUCTS_DIR; };
		C17BA68B2D04F2E000A10B4A /* HealthCheckerrUITests.xctest */ = {isa = PBXFileReference; explicitFileType = wrapper.cfbundle; includeInIndex = 0; path = HealthCheckerrUITests.xctest; sourceTree = BUILT_PRODUCTS_DIR; };
		C1CF61612D06555A00A9D9CE /* WidgetKit.framework */ = {isa = PBXFileReference; lastKnownFileType = wrapper.framework; name = WidgetKit.framework; path = System/Library/Frameworks/WidgetKit.framework; sourceTree = SDKROOT; };
		C1CF61632D06555A00A9D9CE /* SwiftUI.framework */ = {isa = PBXFileReference; lastKnownFileType = wrapper.framework; name = SwiftUI.framework; path = System/Library/Frameworks/SwiftUI.framework; sourceTree = SDKROOT; };
		C1CF617B2D0655B000A9D9CE /* HealthCheckerrWidgetExtension.entitlements */ = {isa = PBXFileReference; lastKnownFileType = text.plist.entitlements; path = HealthCheckerrWidgetExtension.entitlements; sourceTree = "<group>"; };
/* End PBXFileReference section */

/* Begin PBXFileSystemSynchronizedRootGroup section */
		C17BA66E2D04F2C300A10B4A /* HealthCheckerr */ = {
			isa = PBXFileSystemSynchronizedRootGroup;
			path = HealthCheckerr;
			sourceTree = "<group>";
		};
		C17BA6842D04F2E000A10B4A /* HealthCheckerrTests */ = {
			isa = PBXFileSystemSynchronizedRootGroup;
			path = HealthCheckerrTests;
			sourceTree = "<group>";
		};
		C17BA68E2D04F2E000A10B4A /* HealthCheckerrUITests */ = {
			isa = PBXFileSystemSynchronizedRootGroup;
			path = HealthCheckerrUITests;
			sourceTree = "<group>";
		};
/* End PBXFileSystemSynchronizedRootGroup section */

/* Begin PBXFrameworksBuildPhase section */
		C17BA6692D04F2C200A10B4A /* Frameworks */ = {
			isa = PBXFrameworksBuildPhase;
			buildActionMask = 2147483647;
			files = (
				C1CF618A2D06741100A9D9CE /* MarkdownUI in Frameworks */,
				C17BA6A32D04F3DF00A10B4A /* SwiftyJSON in Frameworks */,
				C17BA6A02D04F3CA00A10B4A /* Alamofire in Frameworks */,
			);
			runOnlyForDeploymentPostprocessing = 0;
		};
		C17BA67E2D04F2E000A10B4A /* Frameworks */ = {
			isa = PBXFrameworksBuildPhase;
			buildActionMask = 2147483647;
			files = (
			);
			runOnlyForDeploymentPostprocessing = 0;
		};
		C17BA6882D04F2E000A10B4A /* Frameworks */ = {
			isa = PBXFrameworksBuildPhase;
			buildActionMask = 2147483647;
			files = (
			);
			runOnlyForDeploymentPostprocessing = 0;
		};
/* End PBXFrameworksBuildPhase section */

/* Begin PBXGroup section */
		C17BA6632D04F2C200A10B4A = {
			isa = PBXGroup;
			children = (
				C1CF617B2D0655B000A9D9CE /* HealthCheckerrWidgetExtension.entitlements */,
				C17BA66E2D04F2C300A10B4A /* HealthCheckerr */,
				C17BA6842D04F2E000A10B4A /* HealthCheckerrTests */,
				C17BA68E2D04F2E000A10B4A /* HealthCheckerrUITests */,
				C1CF61602D06555A00A9D9CE /* Frameworks */,
				C17BA66D2D04F2C200A10B4A /* Products */,
			);
			sourceTree = "<group>";
		};
		C17BA66D2D04F2C200A10B4A /* Products */ = {
			isa = PBXGroup;
			children = (
				C17BA66C2D04F2C200A10B4A /* HealthCheckerr.app */,
				C17BA6812D04F2E000A10B4A /* HealthCheckerrTests.xctest */,
				C17BA68B2D04F2E000A10B4A /* HealthCheckerrUITests.xctest */,
			);
			name = Products;
			sourceTree = "<group>";
		};
		C1CF61602D06555A00A9D9CE /* Frameworks */ = {
			isa = PBXGroup;
			children = (
				C1CF61612D06555A00A9D9CE /* WidgetKit.framework */,
				C1CF61632D06555A00A9D9CE /* SwiftUI.framework */,
			);
			name = Frameworks;
			sourceTree = "<group>";
		};
/* End PBXGroup section */

/* Begin PBXNativeTarget section */
		C17BA66B2D04F2C200A10B4A /* HealthCheckerr */ = {
			isa = PBXNativeTarget;
			buildConfigurationList = C17BA6952D04F2E000A10B4A /* Build configuration list for PBXNativeTarget "HealthCheckerr" */;
			buildPhases = (
				C17BA6682D04F2C200A10B4A /* Sources */,
				C17BA6692D04F2C200A10B4A /* Frameworks */,
				C17BA66A2D04F2C200A10B4A /* Resources */,
				C1CF617A2D06555B00A9D9CE /* Embed Foundation Extensions */,
			);
			buildRules = (
			);
			dependencies = (
			);
			fileSystemSynchronizedGroups = (
				C17BA66E2D04F2C300A10B4A /* HealthCheckerr */,
			);
			name = HealthCheckerr;
			packageProductDependencies = (
				C17BA69F2D04F3CA00A10B4A /* Alamofire */,
				C17BA6A22D04F3DF00A10B4A /* SwiftyJSON */,
				C1CF61892D06741100A9D9CE /* MarkdownUI */,
			);
			productName = HealthCheckerr;
			productReference = C17BA66C2D04F2C200A10B4A /* HealthCheckerr.app */;
			productType = "com.apple.product-type.application";
		};
		C17BA6802D04F2E000A10B4A /* HealthCheckerrTests */ = {
			isa = PBXNativeTarget;
			buildConfigurationList = C17BA6982D04F2E000A10B4A /* Build configuration list for PBXNativeTarget "HealthCheckerrTests" */;
			buildPhases = (
				C17BA67D2D04F2E000A10B4A /* Sources */,
				C17BA67E2D04F2E000A10B4A /* Frameworks */,
				C17BA67F2D04F2E000A10B4A /* Resources */,
			);
			buildRules = (
			);
			dependencies = (
				C17BA6832D04F2E000A10B4A /* PBXTargetDependency */,
			);
			fileSystemSynchronizedGroups = (
				C17BA6842D04F2E000A10B4A /* HealthCheckerrTests */,
			);
			name = HealthCheckerrTests;
			packageProductDependencies = (
			);
			productName = HealthCheckerrTests;
			productReference = C17BA6812D04F2E000A10B4A /* HealthCheckerrTests.xctest */;
			productType = "com.apple.product-type.bundle.unit-test";
		};
		C17BA68A2D04F2E000A10B4A /* HealthCheckerrUITests */ = {
			isa = PBXNativeTarget;
			buildConfigurationList = C17BA69B2D04F2E000A10B4A /* Build configuration list for PBXNativeTarget "HealthCheckerrUITests" */;
			buildPhases = (
				C17BA6872D04F2E000A10B4A /* Sources */,
				C17BA6882D04F2E000A10B4A /* Frameworks */,
				C17BA6892D04F2E000A10B4A /* Resources */,
			);
			buildRules = (
			);
			dependencies = (
				C17BA68D2D04F2E000A10B4A /* PBXTargetDependency */,
			);
			fileSystemSynchronizedGroups = (
				C17BA68E2D04F2E000A10B4A /* HealthCheckerrUITests */,
			);
			name = HealthCheckerrUITests;
			packageProductDependencies = (
			);
			productName = HealthCheckerrUITests;
			productReference = C17BA68B2D04F2E000A10B4A /* HealthCheckerrUITests.xctest */;
			productType = "com.apple.product-type.bundle.ui-testing";
		};
/* End PBXNativeTarget section */

/* Begin PBXProject section */
		C17BA6642D04F2C200A10B4A /* Project object */ = {
			isa = PBXProject;
			attributes = {
				BuildIndependentTargetsInParallel = 1;
				LastSwiftUpdateCheck = 1610;
				LastUpgradeCheck = 1610;
				TargetAttributes = {
					C17BA66B2D04F2C200A10B4A = {
						CreatedOnToolsVersion = 16.1;
					};
					C17BA6802D04F2E000A10B4A = {
						CreatedOnToolsVersion = 16.1;
						TestTargetID = C17BA66B2D04F2C200A10B4A;
					};
					C17BA68A2D04F2E000A10B4A = {
						CreatedOnToolsVersion = 16.1;
						TestTargetID = C17BA66B2D04F2C200A10B4A;
					};
				};
			};
			buildConfigurationList = C17BA6672D04F2C200A10B4A /* Build configuration list for PBXProject "HealthCheckerr" */;
			developmentRegion = en;
			hasScannedForEncodings = 0;
			knownRegions = (
				en,
				Base,
			);
			mainGroup = C17BA6632D04F2C200A10B4A;
			minimizedProjectReferenceProxies = 1;
			packageReferences = (
				C17BA69E2D04F3C900A10B4A /* XCRemoteSwiftPackageReference "Alamofire" */,
				C17BA6A12D04F3DF00A10B4A /* XCRemoteSwiftPackageReference "SwiftyJSON" */,
				C1CF61882D06741100A9D9CE /* XCRemoteSwiftPackageReference "swift-markdown-ui" */,
			);
			preferredProjectObjectVersion = 77;
			productRefGroup = C17BA66D2D04F2C200A10B4A /* Products */;
			projectDirPath = "";
			projectRoot = "";
			targets = (
				C17BA66B2D04F2C200A10B4A /* HealthCheckerr */,
				C17BA6802D04F2E000A10B4A /* HealthCheckerrTests */,
				C17BA68A2D04F2E000A10B4A /* HealthCheckerrUITests */,
			);
		};
/* End PBXProject section */

/* Begin PBXResourcesBuildPhase section */
		C17BA66A2D04F2C200A10B4A /* Resources */ = {
			isa = PBXResourcesBuildPhase;
			buildActionMask = 2147483647;
			files = (
			);
			runOnlyForDeploymentPostprocessing = 0;
		};
		C17BA67F2D04F2E000A10B4A /* Resources */ = {
			isa = PBXResourcesBuildPhase;
			buildActionMask = 2147483647;
			files = (
			);
			runOnlyForDeploymentPostprocessing = 0;
		};
		C17BA6892D04F2E000A10B4A /* Resources */ = {
			isa = PBXResourcesBuildPhase;
			buildActionMask = 2147483647;
			files = (
			);
			runOnlyForDeploymentPostprocessing = 0;
		};
/* End PBXResourcesBuildPhase section */

/* Begin PBXSourcesBuildPhase section */
		C17BA6682D04F2C200A10B4A /* Sources */ = {
			isa = PBXSourcesBuildPhase;
			buildActionMask = 2147483647;
			files = (
			);
			runOnlyForDeploymentPostprocessing = 0;
		};
		C17BA67D2D04F2E000A10B4A /* Sources */ = {
			isa = PBXSourcesBuildPhase;
			buildActionMask = 2147483647;
			files = (
			);
			runOnlyForDeploymentPostprocessing = 0;
		};
		C17BA6872D04F2E000A10B4A /* Sources */ = {
			isa = PBXSourcesBuildPhase;
			buildActionMask = 2147483647;
			files = (
			);
			runOnlyForDeploymentPostprocessing = 0;
		};
/* End PBXSourcesBuildPhase section */

/* Begin PBXTargetDependency section */
		C17BA6832D04F2E000A10B4A /* PBXTargetDependency */ = {
			isa = PBXTargetDependency;
			target = C17BA66B2D04F2C200A10B4A /* HealthCheckerr */;
			targetProxy = C17BA6822D04F2E000A10B4A /* PBXContainerItemProxy */;
		};
		C17BA68D2D04F2E000A10B4A /* PBXTargetDependency */ = {
			isa = PBXTargetDependency;
			target = C17BA66B2D04F2C200A10B4A /* HealthCheckerr */;
			targetProxy = C17BA68C2D04F2E000A10B4A /* PBXContainerItemProxy */;
		};
/* End PBXTargetDependency section */

/* Begin XCBuildConfiguration section */
		C17BA6932D04F2E000A10B4A /* Debug */ = {
			isa = XCBuildConfiguration;
			buildSettings = {
				ALWAYS_SEARCH_USER_PATHS = NO;
				ASSETCATALOG_COMPILER_GENERATE_SWIFT_ASSET_SYMBOL_EXTENSIONS = YES;
				CLANG_ANALYZER_NONNULL = YES;
				CLANG_ANALYZER_NUMBER_OBJECT_CONVERSION = YES_AGGRESSIVE;
				CLANG_CXX_LANGUAGE_STANDARD = "gnu++20";
				CLANG_ENABLE_MODULES = YES;
				CLANG_ENABLE_OBJC_ARC = YES;
				CLANG_ENABLE_OBJC_WEAK = YES;
				CLANG_WARN_BLOCK_CAPTURE_AUTORELEASING = YES;
				CLANG_WARN_BOOL_CONVERSION = YES;
				CLANG_WARN_COMMA = YES;
				CLANG_WARN_CONSTANT_CONVERSION = YES;
				CLANG_WARN_DEPRECATED_OBJC_IMPLEMENTATIONS = YES;
				CLANG_WARN_DIRECT_OBJC_ISA_USAGE = YES_ERROR;
				CLANG_WARN_DOCUMENTATION_COMMENTS = YES;
				CLANG_WARN_EMPTY_BODY = YES;
				CLANG_WARN_ENUM_CONVERSION = YES;
				CLANG_WARN_INFINITE_RECURSION = YES;
				CLANG_WARN_INT_CONVERSION = YES;
				CLANG_WARN_NON_LITERAL_NULL_CONVERSION = YES;
				CLANG_WARN_OBJC_IMPLICIT_RETAIN_SELF = YES;
				CLANG_WARN_OBJC_LITERAL_CONVERSION = YES;
				CLANG_WARN_OBJC_ROOT_CLASS = YES_ERROR;
				CLANG_WARN_QUOTED_INCLUDE_IN_FRAMEWORK_HEADER = YES;
				CLANG_WARN_RANGE_LOOP_ANALYSIS = YES;
				CLANG_WARN_STRICT_PROTOTYPES = YES;
				CLANG_WARN_SUSPICIOUS_MOVE = YES;
				CLANG_WARN_UNGUARDED_AVAILABILITY = YES_AGGRESSIVE;
				CLANG_WARN_UNREACHABLE_CODE = YES;
				CLANG_WARN__DUPLICATE_METHOD_MATCH = YES;
				COPY_PHASE_STRIP = NO;
				DEBUG_INFORMATION_FORMAT = dwarf;
				ENABLE_STRICT_OBJC_MSGSEND = YES;
				ENABLE_TESTABILITY = YES;
				ENABLE_USER_SCRIPT_SANDBOXING = YES;
				GCC_C_LANGUAGE_STANDARD = gnu17;
				GCC_DYNAMIC_NO_PIC = NO;
				GCC_NO_COMMON_BLOCKS = YES;
				GCC_OPTIMIZATION_LEVEL = 0;
				GCC_PREPROCESSOR_DEFINITIONS = (
					"DEBUG=1",
					"$(inherited)",
				);
				GCC_WARN_64_TO_32_BIT_CONVERSION = YES;
				GCC_WARN_ABOUT_RETURN_TYPE = YES_ERROR;
				GCC_WARN_UNDECLARED_SELECTOR = YES;
				GCC_WARN_UNINITIALIZED_AUTOS = YES_AGGRESSIVE;
				GCC_WARN_UNUSED_FUNCTION = YES;
				GCC_WARN_UNUSED_VARIABLE = YES;
				IPHONEOS_DEPLOYMENT_TARGET = 18.1;
				LOCALIZATION_PREFERS_STRING_CATALOGS = YES;
				MTL_ENABLE_DEBUG_INFO = INCLUDE_SOURCE;
				MTL_FAST_MATH = YES;
				ONLY_ACTIVE_ARCH = YES;
				SDKROOT = iphoneos;
				SWIFT_ACTIVE_COMPILATION_CONDITIONS = "DEBUG $(inherited)";
				SWIFT_OPTIMIZATION_LEVEL = "-Onone";
			};
			name = Debug;
		};
		C17BA6942D04F2E000A10B4A /* Release */ = {
			isa = XCBuildConfiguration;
			buildSettings = {
				ALWAYS_SEARCH_USER_PATHS = NO;
				ASSETCATALOG_COMPILER_GENERATE_SWIFT_ASSET_SYMBOL_EXTENSIONS = YES;
				CLANG_ANALYZER_NONNULL = YES;
				CLANG_ANALYZER_NUMBER_OBJECT_CONVERSION = YES_AGGRESSIVE;
				CLANG_CXX_LANGUAGE_STANDARD = "gnu++20";
				CLANG_ENABLE_MODULES = YES;
				CLANG_ENABLE_OBJC_ARC = YES;
				CLANG_ENABLE_OBJC_WEAK = YES;
				CLANG_WARN_BLOCK_CAPTURE_AUTORELEASING = YES;
				CLANG_WARN_BOOL_CONVERSION = YES;
				CLANG_WARN_COMMA = YES;
				CLANG_WARN_CONSTANT_CONVERSION = YES;
				CLANG_WARN_DEPRECATED_OBJC_IMPLEMENTATIONS = YES;
				CLANG_WARN_DIRECT_OBJC_ISA_USAGE = YES_ERROR;
				CLANG_WARN_DOCUMENTATION_COMMENTS = YES;
				CLANG_WARN_EMPTY_BODY = YES;
				CLANG_WARN_ENUM_CONVERSION = YES;
				CLANG_WARN_INFINITE_RECURSION = YES;
				CLANG_WARN_INT_CONVERSION = YES;
				CLANG_WARN_NON_LITERAL_NULL_CONVERSION = YES;
				CLANG_WARN_OBJC_IMPLICIT_RETAIN_SELF = YES;
				CLANG_WARN_OBJC_LITERAL_CONVERSION = YES;
				CLANG_WARN_OBJC_ROOT_CLASS = YES_ERROR;
				CLANG_WARN_QUOTED_INCLUDE_IN_FRAMEWORK_HEADER = YES;
				CLANG_WARN_RANGE_LOOP_ANALYSIS = YES;
				CLANG_WARN_STRICT_PROTOTYPES = YES;
				CLANG_WARN_SUSPICIOUS_MOVE = YES;
				CLANG_WARN_UNGUARDED_AVAILABILITY = YES_AGGRESSIVE;
				CLANG_WARN_UNREACHABLE_CODE = YES;
				CLANG_WARN__DUPLICATE_METHOD_MATCH = YES;
				COPY_PHASE_STRIP = NO;
				DEBUG_INFORMATION_FORMAT = "dwarf-with-dsym";
				ENABLE_NS_ASSERTIONS = NO;
				ENABLE_STRICT_OBJC_MSGSEND = YES;
				ENABLE_USER_SCRIPT_SANDBOXING = YES;
				GCC_C_LANGUAGE_STANDARD = gnu17;
				GCC_NO_COMMON_BLOCKS = YES;
				GCC_WARN_64_TO_32_BIT_CONVERSION = YES;
				GCC_WARN_ABOUT_RETURN_TYPE = YES_ERROR;
				GCC_WARN_UNDECLARED_SELECTOR = YES;
				GCC_WARN_UNINITIALIZED_AUTOS = YES_AGGRESSIVE;
				GCC_WARN_UNUSED_FUNCTION = YES;
				GCC_WARN_UNUSED_VARIABLE = YES;
				IPHONEOS_DEPLOYMENT_TARGET = 18.1;
				LOCALIZATION_PREFERS_STRING_CATALOGS = YES;
				MTL_ENABLE_DEBUG_INFO = NO;
				MTL_FAST_MATH = YES;
				SDKROOT = iphoneos;
				SWIFT_COMPILATION_MODE = wholemodule;
				VALIDATE_PRODUCT = YES;
			};
			name = Release;
		};
		C17BA6962D04F2E000A10B4A /* Debug */ = {
			isa = XCBuildConfiguration;
			buildSettings = {
				ASSETCATALOG_COMPILER_APPICON_NAME = AppIcon;
				ASSETCATALOG_COMPILER_GLOBAL_ACCENT_COLOR_NAME = AccentColor;
				CODE_SIGN_ENTITLEMENTS = HealthCheckerr/HealthCheckerr.entitlements;
				CODE_SIGN_STYLE = Automatic;
				CURRENT_PROJECT_VERSION = 1;
				DEVELOPMENT_ASSET_PATHS = "\"HealthCheckerr/Preview Content\"";
				DEVELOPMENT_TEAM = 728HDZLU5Z;
				ENABLE_PREVIEWS = YES;
				GENERATE_INFOPLIST_FILE = YES;
				INFOPLIST_KEY_LSApplicationCategoryType = "public.app-category.utilities";
				INFOPLIST_KEY_UIApplicationSceneManifest_Generation = YES;
				INFOPLIST_KEY_UIApplicationSupportsIndirectInputEvents = YES;
				INFOPLIST_KEY_UILaunchScreen_Generation = YES;
				INFOPLIST_KEY_UISupportedInterfaceOrientations_iPad = "UIInterfaceOrientationPortrait UIInterfaceOrientationPortraitUpsideDown UIInterfaceOrientationLandscapeLeft UIInterfaceOrientationLandscapeRight";
				INFOPLIST_KEY_UISupportedInterfaceOrientations_iPhone = "UIInterfaceOrientationPortrait UIInterfaceOrientationLandscapeLeft UIInterfaceOrientationLandscapeRight";
				IPHONEOS_DEPLOYMENT_TARGET = 16.6;
				LD_RUNPATH_SEARCH_PATHS = (
					"$(inherited)",
					"@executable_path/Frameworks",
				);
				MARKETING_VERSION = 1.0;
				PRODUCT_BUNDLE_IDENTIFIER = BreadDeadInc.HealthCheckerr;
				PRODUCT_NAME = "$(TARGET_NAME)";
				SWIFT_EMIT_LOC_STRINGS = YES;
				SWIFT_VERSION = 5.0;
				TARGETED_DEVICE_FAMILY = "1,2";
			};
			name = Debug;
		};
		C17BA6972D04F2E000A10B4A /* Release */ = {
			isa = XCBuildConfiguration;
			buildSettings = {
				ASSETCATALOG_COMPILER_APPICON_NAME = AppIcon;
				ASSETCATALOG_COMPILER_GLOBAL_ACCENT_COLOR_NAME = AccentColor;
				CODE_SIGN_ENTITLEMENTS = HealthCheckerr/HealthCheckerr.entitlements;
				CODE_SIGN_STYLE = Automatic;
				CURRENT_PROJECT_VERSION = 1;
				DEVELOPMENT_ASSET_PATHS = "\"HealthCheckerr/Preview Content\"";
				DEVELOPMENT_TEAM = 728HDZLU5Z;
				ENABLE_PREVIEWS = YES;
				GENERATE_INFOPLIST_FILE = YES;
				INFOPLIST_KEY_LSApplicationCategoryType = "public.app-category.utilities";
				INFOPLIST_KEY_UIApplicationSceneManifest_Generation = YES;
				INFOPLIST_KEY_UIApplicationSupportsIndirectInputEvents = YES;
				INFOPLIST_KEY_UILaunchScreen_Generation = YES;
				INFOPLIST_KEY_UISupportedInterfaceOrientations_iPad = "UIInterfaceOrientationPortrait UIInterfaceOrientationPortraitUpsideDown UIInterfaceOrientationLandscapeLeft UIInterfaceOrientationLandscapeRight";
				INFOPLIST_KEY_UISupportedInterfaceOrientations_iPhone = "UIInterfaceOrientationPortrait UIInterfaceOrientationLandscapeLeft UIInterfaceOrientationLandscapeRight";
				IPHONEOS_DEPLOYMENT_TARGET = 16.6;
				LD_RUNPATH_SEARCH_PATHS = (
					"$(inherited)",
					"@executable_path/Frameworks",
				);
				MARKETING_VERSION = 1.0;
				PRODUCT_BUNDLE_IDENTIFIER = BreadDeadInc.HealthCheckerr;
				PRODUCT_NAME = "$(TARGET_NAME)";
				SWIFT_EMIT_LOC_STRINGS = YES;
				SWIFT_VERSION = 5.0;
				TARGETED_DEVICE_FAMILY = "1,2";
			};
			name = Release;
		};
		C17BA6992D04F2E000A10B4A /* Debug */ = {
			isa = XCBuildConfiguration;
			buildSettings = {
				BUNDLE_LOADER = "$(TEST_HOST)";
				CODE_SIGN_STYLE = Automatic;
				CURRENT_PROJECT_VERSION = 1;
				DEVELOPMENT_TEAM = 728HDZLU5Z;
				GENERATE_INFOPLIST_FILE = YES;
				IPHONEOS_DEPLOYMENT_TARGET = 16.6;
				MARKETING_VERSION = 1.0;
				PRODUCT_BUNDLE_IDENTIFIER = BreadDeadInc.HealthCheckerrTests;
				PRODUCT_NAME = "$(TARGET_NAME)";
				SWIFT_EMIT_LOC_STRINGS = NO;
				SWIFT_VERSION = 5.0;
				TARGETED_DEVICE_FAMILY = "1,2";
				TEST_HOST = "$(BUILT_PRODUCTS_DIR)/HealthCheckerr.app/$(BUNDLE_EXECUTABLE_FOLDER_PATH)/HealthCheckerr";
			};
			name = Debug;
		};
		C17BA69A2D04F2E000A10B4A /* Release */ = {
			isa = XCBuildConfiguration;
			buildSettings = {
				BUNDLE_LOADER = "$(TEST_HOST)";
				CODE_SIGN_STYLE = Automatic;
				CURRENT_PROJECT_VERSION = 1;
				DEVELOPMENT_TEAM = 728HDZLU5Z;
				GENERATE_INFOPLIST_FILE = YES;
				IPHONEOS_DEPLOYMENT_TARGET = 16.6;
				MARKETING_VERSION = 1.0;
				PRODUCT_BUNDLE_IDENTIFIER = BreadDeadInc.HealthCheckerrTests;
				PRODUCT_NAME = "$(TARGET_NAME)";
				SWIFT_EMIT_LOC_STRINGS = NO;
				SWIFT_VERSION = 5.0;
				TARGETED_DEVICE_FAMILY = "1,2";
				TEST_HOST = "$(BUILT_PRODUCTS_DIR)/HealthCheckerr.app/$(BUNDLE_EXECUTABLE_FOLDER_PATH)/HealthCheckerr";
			};
			name = Release;
		};
		C17BA69C2D04F2E000A10B4A /* Debug */ = {
			isa = XCBuildConfiguration;
			buildSettings = {
				CODE_SIGN_STYLE = Automatic;
				CURRENT_PROJECT_VERSION = 1;
				DEVELOPMENT_TEAM = 728HDZLU5Z;
				GENERATE_INFOPLIST_FILE = YES;
				IPHONEOS_DEPLOYMENT_TARGET = 16.6;
				MARKETING_VERSION = 1.0;
				PRODUCT_BUNDLE_IDENTIFIER = BreadDeadInc.HealthCheckerrUITests;
				PRODUCT_NAME = "$(TARGET_NAME)";
				SWIFT_EMIT_LOC_STRINGS = NO;
				SWIFT_VERSION = 5.0;
				TARGETED_DEVICE_FAMILY = "1,2";
				TEST_TARGET_NAME = HealthCheckerr;
			};
			name = Debug;
		};
		C17BA69D2D04F2E000A10B4A /* Release */ = {
			isa = XCBuildConfiguration;
			buildSettings = {
				CODE_SIGN_STYLE = Automatic;
				CURRENT_PROJECT_VERSION = 1;
				DEVELOPMENT_TEAM = 728HDZLU5Z;
				GENERATE_INFOPLIST_FILE = YES;
				IPHONEOS_DEPLOYMENT_TARGET = 16.6;
				MARKETING_VERSION = 1.0;
				PRODUCT_BUNDLE_IDENTIFIER = BreadDeadInc.HealthCheckerrUITests;
				PRODUCT_NAME = "$(TARGET_NAME)";
				SWIFT_EMIT_LOC_STRINGS = NO;
				SWIFT_VERSION = 5.0;
				TARGETED_DEVICE_FAMILY = "1,2";
				TEST_TARGET_NAME = HealthCheckerr;
			};
			name = Release;
		};
/* End XCBuildConfiguration section */

/* Begin XCConfigurationList section */
		C17BA6672D04F2C200A10B4A /* Build configuration list for PBXProject "HealthCheckerr" */ = {
			isa = XCConfigurationList;
			buildConfigurations = (
				C17BA6932D04F2E000A10B4A /* Debug */,
				C17BA6942D04F2E000A10B4A /* Release */,
			);
			defaultConfigurationIsVisible = 0;
			defaultConfigurationName = Release;
		};
		C17BA6952D04F2E000A10B4A /* Build configuration list for PBXNativeTarget "HealthCheckerr" */ = {
			isa = XCConfigurationList;
			buildConfigurations = (
				C17BA6962D04F2E000A10B4A /* Debug */,
				C17BA6972D04F2E000A10B4A /* Release */,
			);
			defaultConfigurationIsVisible = 0;
			defaultConfigurationName = Release;
		};
		C17BA6982D04F2E000A10B4A /* Build configuration list for PBXNativeTarget "HealthCheckerrTests" */ = {
			isa = XCConfigurationList;
			buildConfigurations = (
				C17BA6992D04F2E000A10B4A /* Debug */,
				C17BA69A2D04F2E000A10B4A /* Release */,
			);
			defaultConfigurationIsVisible = 0;
			defaultConfigurationName = Release;
		};
		C17BA69B2D04F2E000A10B4A /* Build configuration list for PBXNativeTarget "HealthCheckerrUITests" */ = {
			isa = XCConfigurationList;
			buildConfigurations = (
				C17BA69C2D04F2E000A10B4A /* Debug */,
				C17BA69D2D04F2E000A10B4A /* Release */,
			);
			defaultConfigurationIsVisible = 0;
			defaultConfigurationName = Release;
		};
/* End XCConfigurationList section */

/* Begin XCRemoteSwiftPackageReference section */
		C17BA69E2D04F3C900A10B4A /* XCRemoteSwiftPackageReference "Alamofire" */ = {
			isa = XCRemoteSwiftPackageReference;
			repositoryURL = "https://github.com/Alamofire/Alamofire";
			requirement = {
				kind = upToNextMajorVersion;
				minimumVersion = 5.10.2;
			};
		};
		C17BA6A12D04F3DF00A10B4A /* XCRemoteSwiftPackageReference "SwiftyJSON" */ = {
			isa = XCRemoteSwiftPackageReference;
			repositoryURL = "https://github.com/SwiftyJSON/SwiftyJSON";
			requirement = {
				kind = upToNextMajorVersion;
				minimumVersion = 5.0.2;
			};
		};
		C1CF61882D06741100A9D9CE /* XCRemoteSwiftPackageReference "swift-markdown-ui" */ = {
			isa = XCRemoteSwiftPackageReference;
			repositoryURL = "https://github.com/gonzalezreal/swift-markdown-ui";
			requirement = {
				kind = upToNextMajorVersion;
				minimumVersion = 2.4.1;
			};
		};
/* End XCRemoteSwiftPackageReference section */

/* Begin XCSwiftPackageProductDependency section */
		C17BA69F2D04F3CA00A10B4A /* Alamofire */ = {
			isa = XCSwiftPackageProductDependency;
			package = C17BA69E2D04F3C900A10B4A /* XCRemoteSwiftPackageReference "Alamofire" */;
			productName = Alamofire;
		};
		C17BA6A22D04F3DF00A10B4A /* SwiftyJSON */ = {
			isa = XCSwiftPackageProductDependency;
			package = C17BA6A12D04F3DF00A10B4A /* XCRemoteSwiftPackageReference "SwiftyJSON" */;
			productName = SwiftyJSON;
		};
		C1CF61892D06741100A9D9CE /* MarkdownUI */ = {
			isa = XCSwiftPackageProductDependency;
			package = C1CF61882D06741100A9D9CE /* XCRemoteSwiftPackageReference "swift-markdown-ui" */;
			productName = MarkdownUI;
		};
/* End XCSwiftPackageProductDependency section */
	};
	rootObject = C17BA6642D04F2C200A10B4A /* Project object */;
}
